
Microsoft Visual Studio Solution File, Format Version 12.00
# Visual Studio 15
VisualStudioVersion = 15.0.28307.329
MinimumVisualStudioVersion = 10.0.40219.1
Project("{FAE04EC0-301F-11D3-BF4B-00C04F79EFBC}") = "Task 4", "Task 4\Task 4.csproj", "{99DFCD4B-2550-49D1-AFEF-EACCD6F89221}"
EndProject
Global
	GlobalSection(SolutionConfigurationPlatforms) = preSolution
		Debug|Any CPU = Debug|Any CPU
		Release|Any CPU = Release|Any CPU
	EndGlobalSection
	GlobalSection(ProjectConfigurationPlatforms) = postSolution
		{99DFCD4B-2550-49D1-AFEF-EACCD6F89221}.Debug|Any CPU.ActiveCfg = Debug|Any CPU
		{99DFCD4B-2550-49D1-AFEF-EACCD6F89221}.Debug|Any CPU.Build.0 = Debug|Any CPU
		{99DFCD4B-2550-49D1-AFEF-EACCD6F89221}.Release|Any CPU.ActiveCfg = Release|Any CPU
		{99DFCD4B-2550-49D1-AFEF-EACCD6F89221}.Release|Any CPU.Build.0 = Release|Any CPU
	EndGlobalSection
	GlobalSection(SolutionProperties) = preSolution
		HideSolutionNode = FALSE
	EndGlobalSection
	GlobalSection(ExtensibilityGlobals) = postSolution
		SolutionGuid = {FD10C473-4051-4C97-8746-8BDB41E9F364}
	EndGlobalSection
EndGlobal
